// !$*UTF8*$!
{
	archiveVersion = 1;
	classes = {
	};
	objectVersion = 56;
	objects = {

/* Begin PBXBuildFile section */
		A1 /* TintKingCalculatorApp.swift in Sources */ = {isa = PBXBuildFile; fileRef = B1 /* TintKingCalculatorApp.swift */; };
		A10 /* CutFoilSettingsView.swift in Sources */ = {isa = PBXBuildFile; fileRef = B11 /* CutFoilSettingsView.swift */; };
		A11 /* PriceListImportExport.swift in Sources */ = {isa = PBXBuildFile; fileRef = B12 /* PriceListImportExport.swift */; };
		A12 /* AppNumberField.swift in Sources */ = {isa = PBXBuildFile; fileRef = B13 /* AppNumberField.swift */; };
		A13 /* MeasurementModel.swift in Sources */ = {isa = PBXBuildFile; fileRef = B14 /* MeasurementModel.swift */; };
		A14 /* MeasurementStore.swift in Sources */ = {isa = PBXBuildFile; fileRef = B15 /* MeasurementStore.swift */; };
		A15 /* MeasureView.swift in Sources */ = {isa = PBXBuildFile; fileRef = B16 /* MeasureView.swift */; };
		A16 /* MoneybirdExportService.swift in Sources */ = {isa = PBXBuildFile; fileRef = B17 /* MoneybirdExportService.swift */; };
		A17 /* ProductStore.swift in Sources */ = {isa = PBXBuildFile; fileRef = B18 /* ProductStore.swift */; };
		A18 /* ProductImportExport.swift in Sources */ = {isa = PBXBuildFile; fileRef = B19 /* ProductImportExport.swift */; };
		A19 /* ProductListView.swift in Sources */ = {isa = PBXBuildFile; fileRef = B20 /* ProductListView.swift */; };
		A2 /* ContentView.swift in Sources */ = {isa = PBXBuildFile; fileRef = B2 /* ContentView.swift */; };
		A20 /* CustomerStore.swift in Sources */ = {isa = PBXBuildFile; fileRef = B21 /* CustomerStore.swift */; };
		A21 /* CustomerView.swift in Sources */ = {isa = PBXBuildFile; fileRef = B22 /* CustomerView.swift */; };
		A22 /* ActivityLog.swift in Sources */ = {isa = PBXBuildFile; fileRef = B23 /* ActivityLog.swift */; };
		A23 /* HomeView.swift in Sources */ = {isa = PBXBuildFile; fileRef = B24 /* HomeView.swift */; };
		A24 /* SupplyStore.swift in Sources */ = {isa = PBXBuildFile; fileRef = B25 /* SupplyStore.swift */; };
		A25 /* SupplyView.swift in Sources */ = {isa = PBXBuildFile; fileRef = B26 /* SupplyView.swift */; };
		A26 /* ReminderStore.swift in Sources */ = {isa = PBXBuildFile; fileRef = B27 /* ReminderStore.swift */; };
		A27 /* KozijnStore.swift in Sources */ = {isa = PBXBuildFile; fileRef = B28 /* KozijnStore.swift */; };
		A28 /* KozijnCalculatorView.swift in Sources */ = {isa = PBXBuildFile; fileRef = B29 /* KozijnCalculatorView.swift */; };
		A29 /* KozijnProjectStore.swift in Sources */ = {isa = PBXBuildFile; fileRef = B30 /* KozijnProjectStore.swift */; };
		A3 /* CalculatorModel.swift in Sources */ = {isa = PBXBuildFile; fileRef = B3 /* CalculatorModel.swift */; };
		A30 /* DesktopTabOrderStore.swift in Sources */ = {isa = PBXBuildFile; fileRef = B31 /* DesktopTabOrderStore.swift */; };
		A31 /* DesktopTabOrderView.swift in Sources */ = {isa = PBXBuildFile; fileRef = B32 /* DesktopTabOrderView.swift */; };
		A32 /* OrderListStore.swift in Sources */ = {isa = PBXBuildFile; fileRef = B33 /* OrderListStore.swift */; };
		A33 /* DechromeCalculationStore.swift in Sources */ = {isa = PBXBuildFile; fileRef = B34 /* DechromeCalculationStore.swift */; };
		A34 /* KeyboardDismissModifier.swift in Sources */ = {isa = PBXBuildFile; fileRef = B35 /* KeyboardDismissModifier.swift */; };
		A4 /* ProjectStore.swift in Sources */ = {isa = PBXBuildFile; fileRef = B5 /* ProjectStore.swift */; };
		A5 /* PriceListStore.swift in Sources */ = {isa = PBXBuildFile; fileRef = B6 /* PriceListStore.swift */; };
		A6 /* PriceListView.swift in Sources */ = {isa = PBXBuildFile; fileRef = B7 /* PriceListView.swift */; };
		A7 /* SharedQuoteLogic.swift in Sources */ = {isa = PBXBuildFile; fileRef = B8 /* SharedQuoteLogic.swift */; };
		A8 /* CloudSync.swift in Sources */ = {isa = PBXBuildFile; fileRef = B9 /* CloudSync.swift */; };
		A9 /* DechromePresetStore.swift in Sources */ = {isa = PBXBuildFile; fileRef = B10 /* DechromePresetStore.swift */; };
		AA1 /* Assets.xcassets in Resources */ = {isa = PBXBuildFile; fileRef = BA1 /* Assets.xcassets */; };
		AAI1 /* Assets.xcassets in Resources */ = {isa = PBXBuildFile; fileRef = BAI1 /* Assets.xcassets */; };
		AI1 /* TintKingCalculatorApp_iOS.swift in Sources */ = {isa = PBXBuildFile; fileRef = BI1 /* TintKingCalculatorApp_iOS.swift */; };
		AI10 /* SharedQuoteLogic.swift in Sources */ = {isa = PBXBuildFile; fileRef = B8 /* SharedQuoteLogic.swift */; };
		AI11 /* MobileMontageView.swift in Sources */ = {isa = PBXBuildFile; fileRef = BI7 /* MobileMontageView.swift */; };
		AI12 /* MobileRollCalculatorView.swift in Sources */ = {isa = PBXBuildFile; fileRef = BI8 /* MobileRollCalculatorView.swift */; };
		AI13 /* CloudSync.swift in Sources */ = {isa = PBXBuildFile; fileRef = B9 /* CloudSync.swift */; };
		AI14 /* DechromePresetStore.swift in Sources */ = {isa = PBXBuildFile; fileRef = B10 /* DechromePresetStore.swift */; };
		AI15 /* MobileSnijfolieView.swift in Sources */ = {isa = PBXBuildFile; fileRef = BI9 /* MobileSnijfolieView.swift */; };
		AI16 /* CutFoilSettingsView.swift in Sources */ = {isa = PBXBuildFile; fileRef = B11 /* CutFoilSettingsView.swift */; };
		AI17 /* PriceListImportExport.swift in Sources */ = {isa = PBXBuildFile; fileRef = B12 /* PriceListImportExport.swift */; };
		AI18 /* AppNumberField.swift in Sources */ = {isa = PBXBuildFile; fileRef = B13 /* AppNumberField.swift */; };
		AI19 /* MeasurementModel.swift in Sources */ = {isa = PBXBuildFile; fileRef = B14 /* MeasurementModel.swift */; };
		AI2 /* MobileContentView.swift in Sources */ = {isa = PBXBuildFile; fileRef = BI2 /* MobileContentView.swift */; };
		AI20 /* MeasurementStore.swift in Sources */ = {isa = PBXBuildFile; fileRef = B15 /* MeasurementStore.swift */; };
		AI21 /* MeasureView.swift in Sources */ = {isa = PBXBuildFile; fileRef = B16 /* MeasureView.swift */; };
		AI22 /* MoneybirdExportService.swift in Sources */ = {isa = PBXBuildFile; fileRef = B17 /* MoneybirdExportService.swift */; };
		AI23 /* ProductStore.swift in Sources */ = {isa = PBXBuildFile; fileRef = B18 /* ProductStore.swift */; };
		AI24 /* ProductImportExport.swift in Sources */ = {isa = PBXBuildFile; fileRef = B19 /* ProductImportExport.swift */; };
		AI25 /* ProductListView.swift in Sources */ = {isa = PBXBuildFile; fileRef = B20 /* ProductListView.swift */; };
		AI26 /* CustomerStore.swift in Sources */ = {isa = PBXBuildFile; fileRef = B21 /* CustomerStore.swift */; };
		AI27 /* CustomerView.swift in Sources */ = {isa = PBXBuildFile; fileRef = B22 /* CustomerView.swift */; };
		AI28 /* ActivityLog.swift in Sources */ = {isa = PBXBuildFile; fileRef = B23 /* ActivityLog.swift */; };
		AI29 /* HomeView.swift in Sources */ = {isa = PBXBuildFile; fileRef = B24 /* HomeView.swift */; };
		AI3 /* MobileTintView.swift in Sources */ = {isa = PBXBuildFile; fileRef = BI3 /* MobileTintView.swift */; };
		AI30 /* SupplyStore.swift in Sources */ = {isa = PBXBuildFile; fileRef = B25 /* SupplyStore.swift */; };
		AI31 /* SupplyView.swift in Sources */ = {isa = PBXBuildFile; fileRef = B26 /* SupplyView.swift */; };
		AI32 /* TabOrderStore.swift in Sources */ = {isa = PBXBuildFile; fileRef = BI10 /* TabOrderStore.swift */; };
		AI33 /* TabOrderView.swift in Sources */ = {isa = PBXBuildFile; fileRef = BI11 /* TabOrderView.swift */; };
		AI34 /* ReminderStore.swift in Sources */ = {isa = PBXBuildFile; fileRef = B27 /* ReminderStore.swift */; };
		AI35 /* KozijnStore.swift in Sources */ = {isa = PBXBuildFile; fileRef = B28 /* KozijnStore.swift */; };
		AI36 /* KozijnCalculatorView.swift in Sources */ = {isa = PBXBuildFile; fileRef = B29 /* KozijnCalculatorView.swift */; };
		AI37 /* KozijnProjectStore.swift in Sources */ = {isa = PBXBuildFile; fileRef = B30 /* KozijnProjectStore.swift */; };
		AI38 /* OrderListStore.swift in Sources */ = {isa = PBXBuildFile; fileRef = B33 /* OrderListStore.swift */; };
		AI39 /* DechromeCalculationStore.swift in Sources */ = {isa = PBXBuildFile; fileRef = B34 /* DechromeCalculationStore.swift */; };
		AI4 /* MobileDechromeView.swift in Sources */ = {isa = PBXBuildFile; fileRef = BI4 /* MobileDechromeView.swift */; };
		AI40 /* KeyboardDismissModifier.swift in Sources */ = {isa = PBXBuildFile; fileRef = B35 /* KeyboardDismissModifier.swift */; };
		AI5 /* MobileRequestView.swift in Sources */ = {isa = PBXBuildFile; fileRef = BI5 /* MobileRequestView.swift */; };
		AI6 /* CalculatorModel.swift in Sources */ = {isa = PBXBuildFile; fileRef = B3 /* CalculatorModel.swift */; };
		AI7 /* ProjectStore.swift in Sources */ = {isa = PBXBuildFile; fileRef = B5 /* ProjectStore.swift */; };
		AI8 /* PriceListStore.swift in Sources */ = {isa = PBXBuildFile; fileRef = B6 /* PriceListStore.swift */; };
		AI9 /* PriceListView.swift in Sources */ = {isa = PBXBuildFile; fileRef = B7 /* PriceListView.swift */; };
		E34434E430515448008EB53B /* TintCalculatorView.swift in Sources */ = {isa = PBXBuildFile; fileRef = E34434E230515448008EB53B /* TintCalculatorView.swift */; };
		E34434E630515487008EB53B /* SnijfolieCalculatorView.swift in Sources */ = {isa = PBXBuildFile; fileRef = E34434E530515487008EB53B /* SnijfolieCalculatorView.swift */; };
		E34434E9305154A8008EB53B /* RollCalculatorView.swift in Sources */ = {isa = PBXBuildFile; fileRef = E34434E8305154A8008EB53B /* RollCalculatorView.swift */; };
		E34434ED30515500008EB53B /* DechromeCalculatorView.swift in Sources */ = {isa = PBXBuildFile; fileRef = E34434EB30515500008EB53B /* DechromeCalculatorView.swift */; };
		E34434EF3051556A008EB53B /* CombinedRequestView.swift in Sources */ = {isa = PBXBuildFile; fileRef = E34434EE3051556A008EB53B /* CombinedRequestView.swift */; };
		E34434F3305155E3008EB53B /* MontageCalculatorView.swift in Sources */ = {isa = PBXBuildFile; fileRef = E34434F1305155E3008EB53B /* MontageCalculatorView.swift */; };
/* End PBXBuildFile section */

/* Begin PBXFileReference section */
		B1 /* TintKingCalculatorApp.swift */ = {isa = PBXFileReference; lastKnownFileType = sourcecode.swift; path = TintKingCalculatorApp.swift; sourceTree = "<group>"; };
		B10 /* DechromePresetStore.swift */ = {isa = PBXFileReference; lastKnownFileType = sourcecode.swift; path = DechromePresetStore.swift; sourceTree = "<group>"; };
		B11 /* CutFoilSettingsView.swift */ = {isa = PBXFileReference; lastKnownFileType = sourcecode.swift; path = CutFoilSettingsView.swift; sourceTree = "<group>"; };
		B12 /* PriceListImportExport.swift */ = {isa = PBXFileReference; lastKnownFileType = sourcecode.swift; path = PriceListImportExport.swift; sourceTree = "<group>"; };
		B13 /* AppNumberField.swift */ = {isa = PBXFileReference; lastKnownFileType = sourcecode.swift; path = AppNumberField.swift; sourceTree = "<group>"; };
		B14 /* MeasurementModel.swift */ = {isa = PBXFileReference; lastKnownFileType = sourcecode.swift; path = MeasurementModel.swift; sourceTree = "<group>"; };
		B15 /* MeasurementStore.swift */ = {isa = PBXFileReference; lastKnownFileType = sourcecode.swift; path = MeasurementStore.swift; sourceTree = "<group>"; };
		B16 /* MeasureView.swift */ = {isa = PBXFileReference; lastKnownFileType = sourcecode.swift; path = MeasureView.swift; sourceTree = "<group>"; };
		B17 /* MoneybirdExportService.swift */ = {isa = PBXFileReference; lastKnownFileType = sourcecode.swift; path = MoneybirdExportService.swift; sourceTree = "<group>"; };
		B18 /* ProductStore.swift */ = {isa = PBXFileReference; lastKnownFileType = sourcecode.swift; path = ProductStore.swift; sourceTree = "<group>"; };
		B19 /* ProductImportExport.swift */ = {isa = PBXFileReference; lastKnownFileType = sourcecode.swift; path = ProductImportExport.swift; sourceTree = "<group>"; };
		B2 /* ContentView.swift */ = {isa = PBXFileReference; lastKnownFileType = sourcecode.swift; path = ContentView.swift; sourceTree = "<group>"; };
		B20 /* ProductListView.swift */ = {isa = PBXFileReference; lastKnownFileType = sourcecode.swift; path = ProductListView.swift; sourceTree = "<group>"; };
		B21 /* CustomerStore.swift */ = {isa = PBXFileReference; lastKnownFileType = sourcecode.swift; path = CustomerStore.swift; sourceTree = "<group>"; };
		B22 /* CustomerView.swift */ = {isa = PBXFileReference; lastKnownFileType = sourcecode.swift; path = CustomerView.swift; sourceTree = "<group>"; };
		B23 /* ActivityLog.swift */ = {isa = PBXFileReference; lastKnownFileType = sourcecode.swift; path = ActivityLog.swift; sourceTree = "<group>"; };
		B24 /* HomeView.swift */ = {isa = PBXFileReference; lastKnownFileType = sourcecode.swift; path = HomeView.swift; sourceTree = "<group>"; };
		B25 /* SupplyStore.swift */ = {isa = PBXFileReference; lastKnownFileType = sourcecode.swift; path = SupplyStore.swift; sourceTree = "<group>"; };
		B26 /* SupplyView.swift */ = {isa = PBXFileReference; lastKnownFileType = sourcecode.swift; path = SupplyView.swift; sourceTree = "<group>"; };
		B27 /* ReminderStore.swift */ = {isa = PBXFileReference; lastKnownFileType = sourcecode.swift; path = ReminderStore.swift; sourceTree = "<group>"; };
		B28 /* KozijnStore.swift */ = {isa = PBXFileReference; lastKnownFileType = sourcecode.swift; path = KozijnStore.swift; sourceTree = "<group>"; };
		B29 /* KozijnCalculatorView.swift */ = {isa = PBXFileReference; lastKnownFileType = sourcecode.swift; path = KozijnCalculatorView.swift; sourceTree = "<group>"; };
		B3 /* CalculatorModel.swift */ = {isa = PBXFileReference; lastKnownFileType = sourcecode.swift; path = CalculatorModel.swift; sourceTree = "<group>"; };
		B30 /* KozijnProjectStore.swift */ = {isa = PBXFileReference; lastKnownFileType = sourcecode.swift; path = KozijnProjectStore.swift; sourceTree = "<group>"; };
		B31 /* DesktopTabOrderStore.swift */ = {isa = PBXFileReference; lastKnownFileType = sourcecode.swift; path = DesktopTabOrderStore.swift; sourceTree = "<group>"; };
		B32 /* DesktopTabOrderView.swift */ = {isa = PBXFileReference; lastKnownFileType = sourcecode.swift; path = DesktopTabOrderView.swift; sourceTree = "<group>"; };
		B33 /* OrderListStore.swift */ = {isa = PBXFileReference; lastKnownFileType = sourcecode.swift; path = OrderListStore.swift; sourceTree = "<group>"; };
		B34 /* DechromeCalculationStore.swift */ = {isa = PBXFileReference; lastKnownFileType = sourcecode.swift; path = DechromeCalculationStore.swift; sourceTree = "<group>"; };
		B35 /* KeyboardDismissModifier.swift */ = {isa = PBXFileReference; lastKnownFileType = sourcecode.swift; path = KeyboardDismissModifier.swift; sourceTree = "<group>"; };
		B4 /* TintKingCalculator.app */ = {isa = PBXFileReference; explicitFileType = wrapper.application; includeInIndex = 0; path = TintKingCalculator.app; sourceTree = BUILT_PRODUCTS_DIR; };
		B5 /* ProjectStore.swift */ = {isa = PBXFileReference; lastKnownFileType = sourcecode.swift; path = ProjectStore.swift; sourceTree = "<group>"; };
		B6 /* PriceListStore.swift */ = {isa = PBXFileReference; lastKnownFileType = sourcecode.swift; path = PriceListStore.swift; sourceTree = "<group>"; };
		B7 /* PriceListView.swift */ = {isa = PBXFileReference; lastKnownFileType = sourcecode.swift; path = PriceListView.swift; sourceTree = "<group>"; };
		B8 /* SharedQuoteLogic.swift */ = {isa = PBXFileReference; lastKnownFileType = sourcecode.swift; path = SharedQuoteLogic.swift; sourceTree = "<group>"; };
		B9 /* CloudSync.swift */ = {isa = PBXFileReference; lastKnownFileType = sourcecode.swift; path = CloudSync.swift; sourceTree = "<group>"; };
		BA1 /* Assets.xcassets */ = {isa = PBXFileReference; lastKnownFileType = folder.assetcatalog; path = Assets.xcassets; sourceTree = "<group>"; };
		BAI1 /* Assets.xcassets */ = {isa = PBXFileReference; lastKnownFileType = folder.assetcatalog; path = Assets.xcassets; sourceTree = "<group>"; };
		BI1 /* TintKingCalculatorApp_iOS.swift */ = {isa = PBXFileReference; lastKnownFileType = sourcecode.swift; path = TintKingCalculatorApp_iOS.swift; sourceTree = "<group>"; };
		BI10 /* TabOrderStore.swift */ = {isa = PBXFileReference; lastKnownFileType = sourcecode.swift; path = TabOrderStore.swift; sourceTree = "<group>"; };
		BI11 /* TabOrderView.swift */ = {isa = PBXFileReference; lastKnownFileType = sourcecode.swift; path = TabOrderView.swift; sourceTree = "<group>"; };
		BI2 /* MobileContentView.swift */ = {isa = PBXFileReference; lastKnownFileType = sourcecode.swift; path = MobileContentView.swift; sourceTree = "<group>"; };
		BI3 /* MobileTintView.swift */ = {isa = PBXFileReference; lastKnownFileType = sourcecode.swift; path = MobileTintView.swift; sourceTree = "<group>"; };
		BI4 /* MobileDechromeView.swift */ = {isa = PBXFileReference; lastKnownFileType = sourcecode.swift; path = MobileDechromeView.swift; sourceTree = "<group>"; };
		BI5 /* MobileRequestView.swift */ = {isa = PBXFileReference; lastKnownFileType = sourcecode.swift; path = MobileRequestView.swift; sourceTree = "<group>"; };
		BI6 /* TintKingCalculatorMobile.app */ = {isa = PBXFileReference; explicitFileType = wrapper.application; includeInIndex = 0; path = TintKingCalculatorMobile.app; sourceTree = BUILT_PRODUCTS_DIR; };
		BI7 /* MobileMontageView.swift */ = {isa = PBXFileReference; lastKnownFileType = sourcecode.swift; path = MobileMontageView.swift; sourceTree = "<group>"; };
		BI8 /* MobileRollCalculatorView.swift */ = {isa = PBXFileReference; lastKnownFileType = sourcecode.swift; path = MobileRollCalculatorView.swift; sourceTree = "<group>"; };
		BI9 /* MobileSnijfolieView.swift */ = {isa = PBXFileReference; lastKnownFileType = sourcecode.swift; path = MobileSnijfolieView.swift; sourceTree = "<group>"; };
		E2 /* TintKingCalculator.entitlements */ = {isa = PBXFileReference; lastKnownFileType = text.plist.entitlements; path = TintKingCalculator.entitlements; sourceTree = "<group>"; };
		E3 /* TintKingCalculatorMobile.entitlements */ = {isa = PBXFileReference; lastKnownFileType = text.plist.entitlements; path = TintKingCalculatorMobile.entitlements; sourceTree = "<group>"; };
		E34434E230515448008EB53B /* TintCalculatorView.swift */ = {isa = PBXFileReference; lastKnownFileType = sourcecode.swift; path = TintCalculatorView.swift; sourceTree = "<group>"; };
		E34434E530515487008EB53B /* SnijfolieCalculatorView.swift */ = {isa = PBXFileReference; lastKnownFileType = sourcecode.swift; path = SnijfolieCalculatorView.swift; sourceTree = "<group>"; };
		E34434E8305154A8008EB53B /* RollCalculatorView.swift */ = {isa = PBXFileReference; lastKnownFileType = sourcecode.swift; path = RollCalculatorView.swift; sourceTree = "<group>"; };
		E34434EB30515500008EB53B /* DechromeCalculatorView.swift */ = {isa = PBXFileReference; lastKnownFileType = sourcecode.swift; path = DechromeCalculatorView.swift; sourceTree = "<group>"; };
		E34434EE3051556A008EB53B /* CombinedRequestView.swift */ = {isa = PBXFileReference; lastKnownFileType = sourcecode.swift; path = CombinedRequestView.swift; sourceTree = "<group>"; };
		E34434F1305155E3008EB53B /* MontageCalculatorView.swift */ = {isa = PBXFileReference; lastKnownFileType = sourcecode.swift; path = MontageCalculatorView.swift; sourceTree = "<group>"; };
/* End PBXFileReference section */

/* Begin PBXFrameworksBuildPhase section */
		C1 /* Frameworks */ = {
			isa = PBXFrameworksBuildPhase;
			buildActionMask = 2147483647;
			files = (
			);
			runOnlyForDeploymentPostprocessing = 0;
		};
		CI1 /* Frameworks */ = {
			isa = PBXFrameworksBuildPhase;
			buildActionMask = 2147483647;
			files = (
			);
			runOnlyForDeploymentPostprocessing = 0;
		};
/* End PBXFrameworksBuildPhase section */

/* Begin PBXGroup section */
		D1 = {
			isa = PBXGroup;
			children = (
				D2 /* TintKingCalculator */,
				DI1 /* TintKingCalculatorMobile */,
				D3 /* Products */,
			);
			sourceTree = "<group>";
		};
		D2 /* TintKingCalculator */ = {
			isa = PBXGroup;
			children = (
				B1 /* TintKingCalculatorApp.swift */,
				B2 /* ContentView.swift */,
				B3 /* CalculatorModel.swift */,
				B5 /* ProjectStore.swift */,
				B6 /* PriceListStore.swift */,
				B7 /* PriceListView.swift */,
				B8 /* SharedQuoteLogic.swift */,
				B11 /* CutFoilSettingsView.swift */,
				B12 /* PriceListImportExport.swift */,
				B13 /* AppNumberField.swift */,
				B14 /* MeasurementModel.swift */,
				B15 /* MeasurementStore.swift */,
				B16 /* MeasureView.swift */,
				B17 /* MoneybirdExportService.swift */,
				B18 /* ProductStore.swift */,
				B19 /* ProductImportExport.swift */,
				B20 /* ProductListView.swift */,
				B21 /* CustomerStore.swift */,
				B22 /* CustomerView.swift */,
				B23 /* ActivityLog.swift */,
				B24 /* HomeView.swift */,
				B25 /* SupplyStore.swift */,
				B26 /* SupplyView.swift */,
				B27 /* ReminderStore.swift */,
				B28 /* KozijnStore.swift */,
				B29 /* KozijnCalculatorView.swift */,
				B30 /* KozijnProjectStore.swift */,
				B31 /* DesktopTabOrderStore.swift */,
				B32 /* DesktopTabOrderView.swift */,
				B33 /* OrderListStore.swift */,
				B34 /* DechromeCalculationStore.swift */,
				B35 /* KeyboardDismissModifier.swift */,
				B9 /* CloudSync.swift */,
				B10 /* DechromePresetStore.swift */,
				BA1 /* Assets.xcassets */,
				E2 /* TintKingCalculator.entitlements */,
				E34434E230515448008EB53B /* TintCalculatorView.swift */,
				E34434E530515487008EB53B /* SnijfolieCalculatorView.swift */,
				E34434E8305154A8008EB53B /* RollCalculatorView.swift */,
				E34434EB30515500008EB53B /* DechromeCalculatorView.swift */,
				E34434EE3051556A008EB53B /* CombinedRequestView.swift */,
				E34434F1305155E3008EB53B /* MontageCalculatorView.swift */,
			);
			path = TintKingCalculator;
			sourceTree = "<group>";
		};
		D3 /* Products */ = {
			isa = PBXGroup;
			children = (
				B4 /* TintKingCalculator.app */,
				BI6 /* TintKingCalculatorMobile.app */,
			);
			name = Products;
			sourceTree = "<group>";
		};
		DI1 /* TintKingCalculatorMobile */ = {
			isa = PBXGroup;
			children = (
				BI1 /* TintKingCalculatorApp_iOS.swift */,
				BI2 /* MobileContentView.swift */,
				BI3 /* MobileTintView.swift */,
				BI4 /* MobileDechromeView.swift */,
				BI5 /* MobileRequestView.swift */,
				BI7 /* MobileMontageView.swift */,
				BI8 /* MobileRollCalculatorView.swift */,
				BI9 /* MobileSnijfolieView.swift */,
				BI10 /* TabOrderStore.swift */,
				BI11 /* TabOrderView.swift */,
				BAI1 /* Assets.xcassets */,
				E3 /* TintKingCalculatorMobile.entitlements */,
			);
			path = TintKingCalculatorMobile;
			sourceTree = "<group>";
		};
/* End PBXGroup section */

/* Begin PBXNativeTarget section */
		E1 /* TintKingCalculator */ = {
			isa = PBXNativeTarget;
			buildConfigurationList = J2 /* Build configuration list for PBXNativeTarget "TintKingCalculator" */;
			buildPhases = (
				G1 /* Sources */,
				C1 /* Frameworks */,
				H1 /* Resources */,
			);
			buildRules = (
			);
			dependencies = (
			);
			name = TintKingCalculator;
			productName = TintKingCalculator;
			productReference = B4 /* TintKingCalculator.app */;
			productType = "com.apple.product-type.application";
		};
		EI1 /* TintKingCalculatorMobile */ = {
			isa = PBXNativeTarget;
			buildConfigurationList = JI1 /* Build configuration list for PBXNativeTarget "TintKingCalculatorMobile" */;
			buildPhases = (
				GI1 /* Sources */,
				CI1 /* Frameworks */,
				HI1 /* Resources */,
			);
			buildRules = (
			);
			dependencies = (
			);
			name = TintKingCalculatorMobile;
			productName = TintKingCalculatorMobile;
			productReference = BI6 /* TintKingCalculatorMobile.app */;
			productType = "com.apple.product-type.application";
		};
/* End PBXNativeTarget section */

/* Begin PBXProject section */
		F1 /* Project object */ = {
			isa = PBXProject;
			attributes = {
				BuildIndependentTargetsInParallel = 1;
				LastSwiftUpdateCheck = 1600;
				LastUpgradeCheck = 1600;
				TargetAttributes = {
					E1 = {
						CreatedOnToolsVersion = 16.0;
					};
					EI1 = {
						CreatedOnToolsVersion = 16.0;
					};
				};
			};
			buildConfigurationList = J1 /* Build configuration list for PBXProject "TintKingCalculator" */;
			compatibilityVersion = "Xcode 14.0";
			developmentRegion = en;
			hasScannedForEncodings = 0;
			knownRegions = (
				en,
				Base,
			);
			mainGroup = D1;
			productRefGroup = D3 /* Products */;
			projectDirPath = "";
			projectRoot = "";
			targets = (
				E1 /* TintKingCalculator */,
				EI1 /* TintKingCalculatorMobile */,
			);
		};
/* End PBXProject section */

/* Begin PBXResourcesBuildPhase section */
		H1 /* Resources */ = {
			isa = PBXResourcesBuildPhase;
			buildActionMask = 2147483647;
			files = (
				AA1 /* Assets.xcassets in Resources */,
			);
			runOnlyForDeploymentPostprocessing = 0;
		};
		HI1 /* Resources */ = {
			isa = PBXResourcesBuildPhase;
			buildActionMask = 2147483647;
			files = (
				AAI1 /* Assets.xcassets in Resources */,
			);
			runOnlyForDeploymentPostprocessing = 0;
		};
/* End PBXResourcesBuildPhase section */

/* Begin PBXSourcesBuildPhase section */
		G1 /* Sources */ = {
			isa = PBXSourcesBuildPhase;
			buildActionMask = 2147483647;
			files = (
				A1 /* TintKingCalculatorApp.swift in Sources */,
				E34434EF3051556A008EB53B /* CombinedRequestView.swift in Sources */,
				A2 /* ContentView.swift in Sources */,
				A3 /* CalculatorModel.swift in Sources */,
				A4 /* ProjectStore.swift in Sources */,
				A5 /* PriceListStore.swift in Sources */,
				E34434F3305155E3008EB53B /* MontageCalculatorView.swift in Sources */,
				A6 /* PriceListView.swift in Sources */,
				A7 /* SharedQuoteLogic.swift in Sources */,
				A8 /* CloudSync.swift in Sources */,
				A9 /* DechromePresetStore.swift in Sources */,
				A10 /* CutFoilSettingsView.swift in Sources */,
				A11 /* PriceListImportExport.swift in Sources */,
				A12 /* AppNumberField.swift in Sources */,
				A13 /* MeasurementModel.swift in Sources */,
				A14 /* MeasurementStore.swift in Sources */,
				A15 /* MeasureView.swift in Sources */,
				A16 /* MoneybirdExportService.swift in Sources */,
				A17 /* ProductStore.swift in Sources */,
				A18 /* ProductImportExport.swift in Sources */,
				E34434E9305154A8008EB53B /* RollCalculatorView.swift in Sources */,
				A19 /* ProductListView.swift in Sources */,
				A20 /* CustomerStore.swift in Sources */,
				A21 /* CustomerView.swift in Sources */,
				A22 /* ActivityLog.swift in Sources */,
				A23 /* HomeView.swift in Sources */,
				A24 /* SupplyStore.swift in Sources */,
				E34434E630515487008EB53B /* SnijfolieCalculatorView.swift in Sources */,
				A25 /* SupplyView.swift in Sources */,
				A26 /* ReminderStore.swift in Sources */,
				E34434E430515448008EB53B /* TintCalculatorView.swift in Sources */,
				A27 /* KozijnStore.swift in Sources */,
				A28 /* KozijnCalculatorView.swift in Sources */,
				A29 /* KozijnProjectStore.swift in Sources */,
				A30 /* DesktopTabOrderStore.swift in Sources */,
				E34434ED30515500008EB53B /* DechromeCalculatorView.swift in Sources */,
				A31 /* DesktopTabOrderView.swift in Sources */,
				A32 /* OrderListStore.swift in Sources */,
				A33 /* DechromeCalculationStore.swift in Sources */,
				A34 /* KeyboardDismissModifier.swift in Sources */,
			);
			runOnlyForDeploymentPostprocessing = 0;
		};
		GI1 /* Sources */ = {
			isa = PBXSourcesBuildPhase;
			buildActionMask = 2147483647;
			files = (
				AI1 /* TintKingCalculatorApp_iOS.swift in Sources */,
				AI2 /* MobileContentView.swift in Sources */,
				AI3 /* MobileTintView.swift in Sources */,
				AI4 /* MobileDechromeView.swift in Sources */,
				AI5 /* MobileRequestView.swift in Sources */,
				AI6 /* CalculatorModel.swift in Sources */,
				AI7 /* ProjectStore.swift in Sources */,
				AI8 /* PriceListStore.swift in Sources */,
				AI9 /* PriceListView.swift in Sources */,
				AI10 /* SharedQuoteLogic.swift in Sources */,
				AI11 /* MobileMontageView.swift in Sources */,
				AI12 /* MobileRollCalculatorView.swift in Sources */,
				AI13 /* CloudSync.swift in Sources */,
				AI14 /* DechromePresetStore.swift in Sources */,
				AI15 /* MobileSnijfolieView.swift in Sources */,
				AI16 /* CutFoilSettingsView.swift in Sources */,
				AI17 /* PriceListImportExport.swift in Sources */,
				AI18 /* AppNumberField.swift in Sources */,
				AI19 /* MeasurementModel.swift in Sources */,
				AI20 /* MeasurementStore.swift in Sources */,
				AI21 /* MeasureView.swift in Sources */,
				AI22 /* MoneybirdExportService.swift in Sources */,
				AI23 /* ProductStore.swift in Sources */,
				AI24 /* ProductImportExport.swift in Sources */,
				AI25 /* ProductListView.swift in Sources */,
				AI26 /* CustomerStore.swift in Sources */,
				AI27 /* CustomerView.swift in Sources */,
				AI28 /* ActivityLog.swift in Sources */,
				AI29 /* HomeView.swift in Sources */,
				AI30 /* SupplyStore.swift in Sources */,
				AI31 /* SupplyView.swift in Sources */,
				AI32 /* TabOrderStore.swift in Sources */,
				AI33 /* TabOrderView.swift in Sources */,
				AI34 /* ReminderStore.swift in Sources */,
				AI35 /* KozijnStore.swift in Sources */,
				AI36 /* KozijnCalculatorView.swift in Sources */,
				AI37 /* KozijnProjectStore.swift in Sources */,
				AI38 /* OrderListStore.swift in Sources */,
				AI39 /* DechromeCalculationStore.swift in Sources */,
				AI40 /* KeyboardDismissModifier.swift in Sources */,
			);
			runOnlyForDeploymentPostprocessing = 0;
		};
/* End PBXSourcesBuildPhase section */

/* Begin XCBuildConfiguration section */
		I1 /* Debug */ = {
			isa = XCBuildConfiguration;
			buildSettings = {
				ALWAYS_SEARCH_USER_PATHS = NO;
				CLANG_ENABLE_MODULES = YES;
				CLANG_ENABLE_OBJC_ARC = YES;
				COPY_PHASE_STRIP = NO;
				DEBUG_INFORMATION_FORMAT = dwarf;
				ENABLE_TESTABILITY = YES;
				GCC_C_LANGUAGE_STANDARD = gnu17;
				GCC_OPTIMIZATION_LEVEL = 0;
				ONLY_ACTIVE_ARCH = YES;
				SDKROOT = macosx;
				SWIFT_ACTIVE_COMPILATION_CONDITIONS = DEBUG;
				SWIFT_OPTIMIZATION_LEVEL = "-Onone";
			};
			name = Debug;
		};
		I2 /* Release */ = {
			isa = XCBuildConfiguration;
			buildSettings = {
				ALWAYS_SEARCH_USER_PATHS = NO;
				CLANG_ENABLE_MODULES = YES;
				CLANG_ENABLE_OBJC_ARC = YES;
				COPY_PHASE_STRIP = YES;
				DEBUG_INFORMATION_FORMAT = "dwarf-with-dsym";
				GCC_C_LANGUAGE_STANDARD = gnu17;
				SDKROOT = macosx;
				SWIFT_COMPILATION_MODE = wholemodule;
				SWIFT_OPTIMIZATION_LEVEL = "-O";
			};
			name = Release;
		};
		I3 /* Debug */ = {
			isa = XCBuildConfiguration;
			buildSettings = {
				ASSETCATALOG_COMPILER_APPICON_NAME = AppIcon;
				CODE_SIGN_ENTITLEMENTS = TintKingCalculator/TintKingCalculator.entitlements;
				CODE_SIGN_STYLE = Automatic;
				COMBINE_HIDPI_IMAGES = YES;
				CURRENT_PROJECT_VERSION = 1;
				DEVELOPMENT_TEAM = V9C8TTX3QR;
				ENABLE_HARDENED_RUNTIME = YES;
				GENERATE_INFOPLIST_FILE = YES;
				INFOPLIST_KEY_CFBundleDisplayName = "TintKing Calculator";
				INFOPLIST_KEY_NSRemindersUsageDescription = "TintKing gebruikt Herinneringen om je openstaande taken op het Home-tabblad te tonen.";
				LD_RUNPATH_SEARCH_PATHS = (
					"$(inherited)",
					"@executable_path/../Frameworks",
				);
				MACOSX_DEPLOYMENT_TARGET = 14.0;
				MARKETING_VERSION = 2.1;
				PRODUCT_BUNDLE_IDENTIFIER = nl.tintking.calculator;
				PRODUCT_NAME = "$(TARGET_NAME)";
				SWIFT_EMIT_LOC_STRINGS = YES;
				SWIFT_VERSION = 5.0;
			};
			name = Debug;
		};
		I4 /* Release */ = {
			isa = XCBuildConfiguration;
			buildSettings = {
				ASSETCATALOG_COMPILER_APPICON_NAME = AppIcon;
				CODE_SIGN_ENTITLEMENTS = TintKingCalculator/TintKingCalculator.entitlements;
				CODE_SIGN_STYLE = Automatic;
				COMBINE_HIDPI_IMAGES = YES;
				CURRENT_PROJECT_VERSION = 1;
				DEVELOPMENT_TEAM = V9C8TTX3QR;
				ENABLE_HARDENED_RUNTIME = YES;
				GENERATE_INFOPLIST_FILE = YES;
				INFOPLIST_KEY_CFBundleDisplayName = "TintKing Calculator";
				INFOPLIST_KEY_NSRemindersUsageDescription = "TintKing gebruikt Herinneringen om je openstaande taken op het Home-tabblad te tonen.";
				LD_RUNPATH_SEARCH_PATHS = (
					"$(inherited)",
					"@executable_path/../Frameworks",
				);
				MACOSX_DEPLOYMENT_TARGET = 14.0;
				MARKETING_VERSION = 2.1;
				PRODUCT_BUNDLE_IDENTIFIER = nl.tintking.calculator;
				PRODUCT_NAME = "$(TARGET_NAME)";
				SWIFT_EMIT_LOC_STRINGS = YES;
				SWIFT_VERSION = 5.0;
			};
			name = Release;
		};
		II1 /* Debug */ = {
			isa = XCBuildConfiguration;
			buildSettings = {
				ASSETCATALOG_COMPILER_APPICON_NAME = AppIcon;
				CODE_SIGN_ENTITLEMENTS = TintKingCalculatorMobile/TintKingCalculatorMobile.entitlements;
				CODE_SIGN_STYLE = Automatic;
				CURRENT_PROJECT_VERSION = 1;
				DEVELOPMENT_TEAM = V9C8TTX3QR;
				GENERATE_INFOPLIST_FILE = YES;
				INFOPLIST_KEY_CFBundleDisplayName = "TintKing Mobiel";
				INFOPLIST_KEY_NSCameraUsageDescription = "TintKing gebruikt de camera om foto's te maken voor het meten-tabblad.";
				INFOPLIST_KEY_NSRemindersUsageDescription = "TintKing gebruikt Herinneringen om je openstaande taken op het Home-tabblad te tonen.";
				INFOPLIST_KEY_UIApplicationSceneManifest_Generation = YES;
				INFOPLIST_KEY_UILaunchScreen_Generation = YES;
				INFOPLIST_KEY_UISupportedInterfaceOrientations = "UIInterfaceOrientationPortrait UIInterfaceOrientationPortraitUpsideDown";
				INFOPLIST_KEY_UISupportedInterfaceOrientations_iPad = "UIInterfaceOrientationPortrait UIInterfaceOrientationPortraitUpsideDown UIInterfaceOrientationLandscapeLeft UIInterfaceOrientationLandscapeRight";
				IPHONEOS_DEPLOYMENT_TARGET = 17.0;
				LD_RUNPATH_SEARCH_PATHS = (
					"$(inherited)",
					"@executable_path/Frameworks",
				);
				MARKETING_VERSION = 1.0;
				PRODUCT_BUNDLE_IDENTIFIER = nl.tintking.calculator.mobile;
				PRODUCT_NAME = "$(TARGET_NAME)";
				SDKROOT = iphoneos;
				SUPPORTED_PLATFORMS = "iphoneos iphonesimulator";
				SWIFT_EMIT_LOC_STRINGS = YES;
				SWIFT_VERSION = 5.0;
				TARGETED_DEVICE_FAMILY = "1,2";
			};
			name = Debug;
		};
		II2 /* Release */ = {
			isa = XCBuildConfiguration;
			buildSettings = {
				ASSETCATALOG_COMPILER_APPICON_NAME = AppIcon;
				CODE_SIGN_ENTITLEMENTS = TintKingCalculatorMobile/TintKingCalculatorMobile.entitlements;
				CODE_SIGN_STYLE = Automatic;
				CURRENT_PROJECT_VERSION = 1;
				DEVELOPMENT_TEAM = V9C8TTX3QR;
				GENERATE_INFOPLIST_FILE = YES;
				INFOPLIST_KEY_CFBundleDisplayName = "TintKing Mobiel";
				INFOPLIST_KEY_NSCameraUsageDescription = "TintKing gebruikt de camera om foto's te maken voor het meten-tabblad.";
				INFOPLIST_KEY_NSRemindersUsageDescription = "TintKing gebruikt Herinneringen om je openstaande taken op het Home-tabblad te tonen.";
				INFOPLIST_KEY_UIApplicationSceneManifest_Generation = YES;
				INFOPLIST_KEY_UILaunchScreen_Generation = YES;
				INFOPLIST_KEY_UISupportedInterfaceOrientations = "UIInterfaceOrientationPortrait UIInterfaceOrientationPortraitUpsideDown";
				INFOPLIST_KEY_UISupportedInterfaceOrientations_iPad = "UIInterfaceOrientationPortrait UIInterfaceOrientationPortraitUpsideDown UIInterfaceOrientationLandscapeLeft UIInterfaceOrientationLandscapeRight";
				IPHONEOS_DEPLOYMENT_TARGET = 17.0;
				LD_RUNPATH_SEARCH_PATHS = (
					"$(inherited)",
					"@executable_path/Frameworks",
				);
				MARKETING_VERSION = 1.0;
				PRODUCT_BUNDLE_IDENTIFIER = nl.tintking.calculator.mobile;
				PRODUCT_NAME = "$(TARGET_NAME)";
				SDKROOT = iphoneos;
				SUPPORTED_PLATFORMS = "iphoneos iphonesimulator";
				SWIFT_EMIT_LOC_STRINGS = YES;
				SWIFT_VERSION = 5.0;
				TARGETED_DEVICE_FAMILY = "1,2";
			};
			name = Release;
		};
/* End XCBuildConfiguration section */

/* Begin XCConfigurationList section */
		J1 /* Build configuration list for PBXProject "TintKingCalculator" */ = {
			isa = XCConfigurationList;
			buildConfigurations = (
				I1 /* Debug */,
				I2 /* Release */,
			);
			defaultConfigurationIsVisible = 0;
			defaultConfigurationName = Release;
		};
		J2 /* Build configuration list for PBXNativeTarget "TintKingCalculator" */ = {
			isa = XCConfigurationList;
			buildConfigurations = (
				I3 /* Debug */,
				I4 /* Release */,
			);
			defaultConfigurationIsVisible = 0;
			defaultConfigurationName = Release;
		};
		JI1 /* Build configuration list for PBXNativeTarget "TintKingCalculatorMobile" */ = {
			isa = XCConfigurationList;
			buildConfigurations = (
				II1 /* Debug */,
				II2 /* Release */,
			);
			defaultConfigurationIsVisible = 0;
			defaultConfigurationName = Release;
		};
/* End XCConfigurationList section */
	};
	rootObject = F1 /* Project object */;
}
